
Microsoft Visual Studio Solution File, Format Version 12.00
# Visual Studio Version 16
VisualStudioVersion = 16.0.31624.102
MinimumVisualStudioVersion = 10.0.40219.1
Project("{9A19103F-16F7-4668-BE54-9A1E7A4F7556}") = "MiCalculadora", "MiCalculadora\MiCalculadora.csproj", "{37836B92-BD7B-47A7-8042-1B5FB893904C}"
EndProject
Project("{FAE04EC0-301F-11D3-BF4B-00C04F79EFBC}") = "Entidades", "Entidades\Entidades.csproj", "{681F81AE-6DDC-418B-9C58-19F130A697E1}"
EndProject
Global
	GlobalSection(SolutionConfigurationPlatforms) = preSolution
		Debug|Any CPU = Debug|Any CPU
		Release|Any CPU = Release|Any CPU
	EndGlobalSection
	GlobalSection(ProjectConfigurationPlatforms) = postSolution
		{37836B92-BD7B-47A7-8042-1B5FB893904C}.Debug|Any CPU.ActiveCfg = Debug|Any CPU
		{37836B92-BD7B-47A7-8042-1B5FB893904C}.Debug|Any CPU.Build.0 = Debug|Any CPU
		{37836B92-BD7B-47A7-8042-1B5FB893904C}.Release|Any CPU.ActiveCfg = Release|Any CPU
		{37836B92-BD7B-47A7-8042-1B5FB893904C}.Release|Any CPU.Build.0 = Release|Any CPU
		{681F81AE-6DDC-418B-9C58-19F130A697E1}.Debug|Any CPU.ActiveCfg = Debug|Any CPU
		{681F81AE-6DDC-418B-9C58-19F130A697E1}.Debug|Any CPU.Build.0 = Debug|Any CPU
		{681F81AE-6DDC-418B-9C58-19F130A697E1}.Release|Any CPU.ActiveCfg = Release|Any CPU
		{681F81AE-6DDC-418B-9C58-19F130A697E1}.Release|Any CPU.Build.0 = Release|Any CPU
	EndGlobalSection
	GlobalSection(SolutionProperties) = preSolution
		HideSolutionNode = FALSE
	EndGlobalSection
	GlobalSection(ExtensibilityGlobals) = postSolution
		SolutionGuid = {47606AB8-F74E-4155-86DE-A8D84B57A00F}
	EndGlobalSection
EndGlobal
